// !$*UTF8*$!
{
	archiveVersion = 1;
	classes = {
	};
	objectVersion = 50;
	objects = {

/* Begin PBXBuildFile section */
		400648A925601A5C002DAFEC /* Assets.xcassets in Resources */ = {isa = PBXBuildFile; fileRef = 400648A825601A5C002DAFEC /* Assets.xcassets */; };
		400648AC25601A5C002DAFEC /* Preview Assets.xcassets in Resources */ = {isa = PBXBuildFile; fileRef = 400648AB25601A5C002DAFEC /* Preview Assets.xcassets */; };
		405F327B25601B6F006EA164 /* ImageStore.swift in Sources */ = {isa = PBXBuildFile; fileRef = 405F327A25601B6F006EA164 /* ImageStore.swift */; };
		4088748925601BAB007EFB2A /* Launch Screen.storyboard in Resources */ = {isa = PBXBuildFile; fileRef = 4088748825601BAB007EFB2A /* Launch Screen.storyboard */; };
		4088749125601BCC007EFB2A /* p1_quizzes.json in Resources */ = {isa = PBXBuildFile; fileRef = 4088748B25601BCB007EFB2A /* p1_quizzes.json */; };
		4088749225601BCC007EFB2A /* QuizDetail.swift in Sources */ = {isa = PBXBuildFile; fileRef = 4088748C25601BCB007EFB2A /* QuizDetail.swift */; };
		4088749325601BCC007EFB2A /* Practica3App.swift in Sources */ = {isa = PBXBuildFile; fileRef = 4088748D25601BCB007EFB2A /* Practica3App.swift */; };
		4088749425601BCC007EFB2A /* QuizModel.swift in Sources */ = {isa = PBXBuildFile; fileRef = 4088748E25601BCB007EFB2A /* QuizModel.swift */; };
		4088749525601BCC007EFB2A /* QuizRow.swift in Sources */ = {isa = PBXBuildFile; fileRef = 4088748F25601BCC007EFB2A /* QuizRow.swift */; };
		4088749625601BCC007EFB2A /* ScoreModel.swift in Sources */ = {isa = PBXBuildFile; fileRef = 4088749025601BCC007EFB2A /* ScoreModel.swift */; };
		4088749B25601CE6007EFB2A /* ContentView.swift in Sources */ = {isa = PBXBuildFile; fileRef = 4088749A25601CE6007EFB2A /* ContentView.swift */; };
/* End PBXBuildFile section */

/* Begin PBXFileReference section */
		400648A125601A5B002DAFEC /* Practica 3.app */ = {isa = PBXFileReference; explicitFileType = wrapper.application; includeInIndex = 0; path = "Practica 3.app"; sourceTree = BUILT_PRODUCTS_DIR; };
		400648A825601A5C002DAFEC /* Assets.xcassets */ = {isa = PBXFileReference; lastKnownFileType = folder.assetcatalog; path = Assets.xcassets; sourceTree = "<group>"; };
		400648AB25601A5C002DAFEC /* Preview Assets.xcassets */ = {isa = PBXFileReference; lastKnownFileType = folder.assetcatalog; path = "Preview Assets.xcassets"; sourceTree = "<group>"; };
		400648AD25601A5C002DAFEC /* Info.plist */ = {isa = PBXFileReference; lastKnownFileType = text.plist.xml; path = Info.plist; sourceTree = "<group>"; };
		405F327A25601B6F006EA164 /* ImageStore.swift */ = {isa = PBXFileReference; fileEncoding = 4; lastKnownFileType = sourcecode.swift; path = ImageStore.swift; sourceTree = "<group>"; };
		4088748825601BAB007EFB2A /* Launch Screen.storyboard */ = {isa = PBXFileReference; fileEncoding = 4; lastKnownFileType = file.storyboard; path = "Launch Screen.storyboard"; sourceTree = "<group>"; };
		4088748B25601BCB007EFB2A /* p1_quizzes.json */ = {isa = PBXFileReference; fileEncoding = 4; lastKnownFileType = text.json; path = p1_quizzes.json; sourceTree = "<group>"; };
		4088748C25601BCB007EFB2A /* QuizDetail.swift */ = {isa = PBXFileReference; fileEncoding = 4; lastKnownFileType = sourcecode.swift; path = QuizDetail.swift; sourceTree = "<group>"; };
		4088748D25601BCB007EFB2A /* Practica3App.swift */ = {isa = PBXFileReference; fileEncoding = 4; lastKnownFileType = sourcecode.swift; path = Practica3App.swift; sourceTree = "<group>"; };
		4088748E25601BCB007EFB2A /* QuizModel.swift */ = {isa = PBXFileReference; fileEncoding = 4; lastKnownFileType = sourcecode.swift; path = QuizModel.swift; sourceTree = "<group>"; };
		4088748F25601BCC007EFB2A /* QuizRow.swift */ = {isa = PBXFileReference; fileEncoding = 4; lastKnownFileType = sourcecode.swift; path = QuizRow.swift; sourceTree = "<group>"; };
		4088749025601BCC007EFB2A /* ScoreModel.swift */ = {isa = PBXFileReference; fileEncoding = 4; lastKnownFileType = sourcecode.swift; path = ScoreModel.swift; sourceTree = "<group>"; };
		4088749A25601CE6007EFB2A /* ContentView.swift */ = {isa = PBXFileReference; fileEncoding = 4; lastKnownFileType = sourcecode.swift; path = ContentView.swift; sourceTree = "<group>"; };
/* End PBXFileReference section */

/* Begin PBXFrameworksBuildPhase section */
		4006489E25601A5B002DAFEC /* Frameworks */ = {
			isa = PBXFrameworksBuildPhase;
			buildActionMask = 2147483647;
			files = (
			);
			runOnlyForDeploymentPostprocessing = 0;
		};
/* End PBXFrameworksBuildPhase section */

/* Begin PBXGroup section */
		4006489825601A5B002DAFEC = {
			isa = PBXGroup;
			children = (
				400648A325601A5B002DAFEC /* Practica 3 */,
				400648A225601A5B002DAFEC /* Products */,
			);
			sourceTree = "<group>";
		};
		400648A225601A5B002DAFEC /* Products */ = {
			isa = PBXGroup;
			children = (
				400648A125601A5B002DAFEC /* Practica 3.app */,
			);
			name = Products;
			sourceTree = "<group>";
		};
		400648A325601A5B002DAFEC /* Practica 3 */ = {
			isa = PBXGroup;
			children = (
				4088748825601BAB007EFB2A /* Launch Screen.storyboard */,
				4088749A25601CE6007EFB2A /* ContentView.swift */,
				405F327A25601B6F006EA164 /* ImageStore.swift */,
				4088748B25601BCB007EFB2A /* p1_quizzes.json */,
				4088748D25601BCB007EFB2A /* Practica3App.swift */,
				4088748C25601BCB007EFB2A /* QuizDetail.swift */,
				4088748E25601BCB007EFB2A /* QuizModel.swift */,
				4088748F25601BCC007EFB2A /* QuizRow.swift */,
				4088749025601BCC007EFB2A /* ScoreModel.swift */,
				400648A825601A5C002DAFEC /* Assets.xcassets */,
				400648AD25601A5C002DAFEC /* Info.plist */,
				400648AA25601A5C002DAFEC /* Preview Content */,
			);
			path = "Practica 3";
			sourceTree = "<group>";
		};
		400648AA25601A5C002DAFEC /* Preview Content */ = {
			isa = PBXGroup;
			children = (
				400648AB25601A5C002DAFEC /* Preview Assets.xcassets */,
			);
			path = "Preview Content";
			sourceTree = "<group>";
		};
/* End PBXGroup section */

/* Begin PBXNativeTarget section */
		400648A025601A5B002DAFEC /* Practica 3 */ = {
			isa = PBXNativeTarget;
			buildConfigurationList = 400648B025601A5C002DAFEC /* Build configuration list for PBXNativeTarget "Practica 3" */;
			buildPhases = (
				4006489D25601A5B002DAFEC /* Sources */,
				4006489E25601A5B002DAFEC /* Frameworks */,
				4006489F25601A5B002DAFEC /* Resources */,
			);
			buildRules = (
			);
			dependencies = (
			);
			name = "Practica 3";
			productName = "Practica 3";
			productReference = 400648A125601A5B002DAFEC /* Practica 3.app */;
			productType = "com.apple.product-type.application";
		};
/* End PBXNativeTarget section */

/* Begin PBXProject section */
		4006489925601A5B002DAFEC /* Project object */ = {
			isa = PBXProject;
			attributes = {
				LastSwiftUpdateCheck = 1200;
				LastUpgradeCheck = 1200;
				TargetAttributes = {
					400648A025601A5B002DAFEC = {
						CreatedOnToolsVersion = 12.0;
					};
				};
			};
			buildConfigurationList = 4006489C25601A5B002DAFEC /* Build configuration list for PBXProject "Practica 3" */;
			compatibilityVersion = "Xcode 9.3";
			developmentRegion = en;
			hasScannedForEncodings = 0;
			knownRegions = (
				en,
				Base,
			);
			mainGroup = 4006489825601A5B002DAFEC;
			productRefGroup = 400648A225601A5B002DAFEC /* Products */;
			projectDirPath = "";
			projectRoot = "";
			targets = (
				400648A025601A5B002DAFEC /* Practica 3 */,
			);
		};
/* End PBXProject section */

/* Begin PBXResourcesBuildPhase section */
		4006489F25601A5B002DAFEC /* Resources */ = {
			isa = PBXResourcesBuildPhase;
			buildActionMask = 2147483647;
			files = (
				4088748925601BAB007EFB2A /* Launch Screen.storyboard in Resources */,
				400648AC25601A5C002DAFEC /* Preview Assets.xcassets in Resources */,
				4088749125601BCC007EFB2A /* p1_quizzes.json in Resources */,
				400648A925601A5C002DAFEC /* Assets.xcassets in Resources */,
			);
			runOnlyForDeploymentPostprocessing = 0;
		};
/* End PBXResourcesBuildPhase section */

/* Begin PBXSourcesBuildPhase section */
		4006489D25601A5B002DAFEC /* Sources */ = {
			isa = PBXSourcesBuildPhase;
			buildActionMask = 2147483647;
			files = (
				4088749525601BCC007EFB2A /* QuizRow.swift in Sources */,
				4088749325601BCC007EFB2A /* Practica3App.swift in Sources */,
				4088749B25601CE6007EFB2A /* ContentView.swift in Sources */,
				4088749225601BCC007EFB2A /* QuizDetail.swift in Sources */,
				4088749625601BCC007EFB2A /* ScoreModel.swift in Sources */,
				4088749425601BCC007EFB2A /* QuizModel.swift in Sources */,
				405F327B25601B6F006EA164 /* ImageStore.swift in Sources */,
			);
			runOnlyForDeploymentPostprocessing = 0;
		};
/* End PBXSourcesBuildPhase section */

/* Begin XCBuildConfiguration section */
		400648AE25601A5C002DAFEC /* Debug */ = {
			isa = XCBuildConfiguration;
			buildSettings = {
				ALWAYS_SEARCH_USER_PATHS = NO;
				CLANG_ANALYZER_NONNULL = YES;
				CLANG_ANALYZER_NUMBER_OBJECT_CONVERSION = YES_AGGRESSIVE;
				CLANG_CXX_LANGUAGE_STANDARD = "gnu++14";
				CLANG_CXX_LIBRARY = "libc++";
				CLANG_ENABLE_MODULES = YES;
				CLANG_ENABLE_OBJC_ARC = YES;
				CLANG_ENABLE_OBJC_WEAK = YES;
				CLANG_WARN_BLOCK_CAPTURE_AUTORELEASING = YES;
				CLANG_WARN_BOOL_CONVERSION = YES;
				CLANG_WARN_COMMA = YES;
				CLANG_WARN_CONSTANT_CONVERSION = YES;
				CLANG_WARN_DEPRECATED_OBJC_IMPLEMENTATIONS = YES;
				CLANG_WARN_DIRECT_OBJC_ISA_USAGE = YES_ERROR;
				CLANG_WARN_DOCUMENTATION_COMMENTS = YES;
				CLANG_WARN_EMPTY_BODY = YES;
				CLANG_WARN_ENUM_CONVERSION = YES;
				CLANG_WARN_INFINITE_RECURSION = YES;
				CLANG_WARN_INT_CONVERSION = YES;
				CLANG_WARN_NON_LITERAL_NULL_CONVERSION = YES;
				CLANG_WARN_OBJC_IMPLICIT_RETAIN_SELF = YES;
				CLANG_WARN_OBJC_LITERAL_CONVERSION = YES;
				CLANG_WARN_OBJC_ROOT_CLASS = YES_ERROR;
				CLANG_WARN_QUOTED_INCLUDE_IN_FRAMEWORK_HEADER = YES;
				CLANG_WARN_RANGE_LOOP_ANALYSIS = YES;
				CLANG_WARN_STRICT_PROTOTYPES = YES;
				CLANG_WARN_SUSPICIOUS_MOVE = YES;
				CLANG_WARN_UNGUARDED_AVAILABILITY = YES_AGGRESSIVE;
				CLANG_WARN_UNREACHABLE_CODE = YES;
				CLANG_WARN__DUPLICATE_METHOD_MATCH = YES;
				COPY_PHASE_STRIP = NO;
				DEBUG_INFORMATION_FORMAT = dwarf;
				ENABLE_STRICT_OBJC_MSGSEND = YES;
				ENABLE_TESTABILITY = YES;
				GCC_C_LANGUAGE_STANDARD = gnu11;
				GCC_DYNAMIC_NO_PIC = NO;
				GCC_NO_COMMON_BLOCKS = YES;
				GCC_OPTIMIZATION_LEVEL = 0;
				GCC_PREPROCESSOR_DEFINITIONS = (
					"DEBUG=1",
					"$(inherited)",
				);
				GCC_WARN_64_TO_32_BIT_CONVERSION = YES;
				GCC_WARN_ABOUT_RETURN_TYPE = YES_ERROR;
				GCC_WARN_UNDECLARED_SELECTOR = YES;
				GCC_WARN_UNINITIALIZED_AUTOS = YES_AGGRESSIVE;
				GCC_WARN_UNUSED_FUNCTION = YES;
				GCC_WARN_UNUSED_VARIABLE = YES;
				IPHONEOS_DEPLOYMENT_TARGET = 14.0;
				MTL_ENABLE_DEBUG_INFO = INCLUDE_SOURCE;
				MTL_FAST_MATH = YES;
				ONLY_ACTIVE_ARCH = YES;
				SDKROOT = iphoneos;
				SWIFT_ACTIVE_COMPILATION_CONDITIONS = DEBUG;
				SWIFT_OPTIMIZATION_LEVEL = "-Onone";
			};
			name = Debug;
		};
		400648AF25601A5C002DAFEC /* Release */ = {
			isa = XCBuildConfiguration;
			buildSettings = {
				ALWAYS_SEARCH_USER_PATHS = NO;
				CLANG_ANALYZER_NONNULL = YES;
				CLANG_ANALYZER_NUMBER_OBJECT_CONVERSION = YES_AGGRESSIVE;
				CLANG_CXX_LANGUAGE_STANDARD = "gnu++14";
				CLANG_CXX_LIBRARY = "libc++";
				CLANG_ENABLE_MODULES = YES;
				CLANG_ENABLE_OBJC_ARC = YES;
				CLANG_ENABLE_OBJC_WEAK = YES;
				CLANG_WARN_BLOCK_CAPTURE_AUTORELEASING = YES;
				CLANG_WARN_BOOL_CONVERSION = YES;
				CLANG_WARN_COMMA = YES;
				CLANG_WARN_CONSTANT_CONVERSION = YES;
				CLANG_WARN_DEPRECATED_OBJC_IMPLEMENTATIONS = YES;
				CLANG_WARN_DIRECT_OBJC_ISA_USAGE = YES_ERROR;
				CLANG_WARN_DOCUMENTATION_COMMENTS = YES;
				CLANG_WARN_EMPTY_BODY = YES;
				CLANG_WARN_ENUM_CONVERSION = YES;
				CLANG_WARN_INFINITE_RECURSION = YES;
				CLANG_WARN_INT_CONVERSION = YES;
				CLANG_WARN_NON_LITERAL_NULL_CONVERSION = YES;
				CLANG_WARN_OBJC_IMPLICIT_RETAIN_SELF = YES;
				CLANG_WARN_OBJC_LITERAL_CONVERSION = YES;
				CLANG_WARN_OBJC_ROOT_CLASS = YES_ERROR;
				CLANG_WARN_QUOTED_INCLUDE_IN_FRAMEWORK_HEADER = YES;
				CLANG_WARN_RANGE_LOOP_ANALYSIS = YES;
				CLANG_WARN_STRICT_PROTOTYPES = YES;
				CLANG_WARN_SUSPICIOUS_MOVE = YES;
				CLANG_WARN_UNGUARDED_AVAILABILITY = YES_AGGRESSIVE;
				CLANG_WARN_UNREACHABLE_CODE = YES;
				CLANG_WARN__DUPLICATE_METHOD_MATCH = YES;
				COPY_PHASE_STRIP = NO;
				DEBUG_INFORMATION_FORMAT = "dwarf-with-dsym";
				ENABLE_NS_ASSERTIONS = NO;
				ENABLE_STRICT_OBJC_MSGSEND = YES;
				GCC_C_LANGUAGE_STANDARD = gnu11;
				GCC_NO_COMMON_BLOCKS = YES;
				GCC_WARN_64_TO_32_BIT_CONVERSION = YES;
				GCC_WARN_ABOUT_RETURN_TYPE = YES_ERROR;
				GCC_WARN_UNDECLARED_SELECTOR = YES;
				GCC_WARN_UNINITIALIZED_AUTOS = YES_AGGRESSIVE;
				GCC_WARN_UNUSED_FUNCTION = YES;
				GCC_WARN_UNUSED_VARIABLE = YES;
				IPHONEOS_DEPLOYMENT_TARGET = 14.0;
				MTL_ENABLE_DEBUG_INFO = NO;
				MTL_FAST_MATH = YES;
				SDKROOT = iphoneos;
				SWIFT_COMPILATION_MODE = wholemodule;
				SWIFT_OPTIMIZATION_LEVEL = "-O";
				VALIDATE_PRODUCT = YES;
			};
			name = Release;
		};
		400648B125601A5C002DAFEC /* Debug */ = {
			isa = XCBuildConfiguration;
			buildSettings = {
				ASSETCATALOG_COMPILER_APPICON_NAME = AppIcon;
				ASSETCATALOG_COMPILER_GLOBAL_ACCENT_COLOR_NAME = AccentColor;
				CODE_SIGN_STYLE = Automatic;
				DEVELOPMENT_ASSET_PATHS = "\"Practica 3/Preview Content\"";
				DEVELOPMENT_TEAM = DP6UKRZMB4;
				ENABLE_PREVIEWS = YES;
				INFOPLIST_FILE = "Practica 3/Info.plist";
				IPHONEOS_DEPLOYMENT_TARGET = 14.0;
				LD_RUNPATH_SEARCH_PATHS = (
					"$(inherited)",
					"@executable_path/Frameworks",
				);
				PRODUCT_BUNDLE_IDENTIFIER = "es.upm.Practica-3";
				PRODUCT_NAME = "$(TARGET_NAME)";
				SWIFT_VERSION = 5.0;
				TARGETED_DEVICE_FAMILY = "1,2";
			};
			name = Debug;
		};
		400648B225601A5C002DAFEC /* Release */ = {
			isa = XCBuildConfiguration;
			buildSettings = {
				ASSETCATALOG_COMPILER_APPICON_NAME = AppIcon;
				ASSETCATALOG_COMPILER_GLOBAL_ACCENT_COLOR_NAME = AccentColor;
				CODE_SIGN_STYLE = Automatic;
				DEVELOPMENT_ASSET_PATHS = "\"Practica 3/Preview Content\"";
				DEVELOPMENT_TEAM = DP6UKRZMB4;
				ENABLE_PREVIEWS = YES;
				INFOPLIST_FILE = "Practica 3/Info.plist";
				IPHONEOS_DEPLOYMENT_TARGET = 14.0;
				LD_RUNPATH_SEARCH_PATHS = (
					"$(inherited)",
					"@executable_path/Frameworks",
				);
				PRODUCT_BUNDLE_IDENTIFIER = "es.upm.Practica-3";
				PRODUCT_NAME = "$(TARGET_NAME)";
				SWIFT_VERSION = 5.0;
				TARGETED_DEVICE_FAMILY = "1,2";
			};
			name = Release;
		};
/* End XCBuildConfiguration section */

/* Begin XCConfigurationList section */
		4006489C25601A5B002DAFEC /* Build configuration list for PBXProject "Practica 3" */ = {
			isa = XCConfigurationList;
			buildConfigurations = (
				400648AE25601A5C002DAFEC /* Debug */,
				400648AF25601A5C002DAFEC /* Release */,
			);
			defaultConfigurationIsVisible = 0;
			defaultConfigurationName = Release;
		};
		400648B025601A5C002DAFEC /* Build configuration list for PBXNativeTarget "Practica 3" */ = {
			isa = XCConfigurationList;
			buildConfigurations = (
				400648B125601A5C002DAFEC /* Debug */,
				400648B225601A5C002DAFEC /* Release */,
			);
			defaultConfigurationIsVisible = 0;
			defaultConfigurationName = Release;
		};
/* End XCConfigurationList section */
	};
	rootObject = 4006489925601A5B002DAFEC /* Project object */;
}
